
Microsoft Visual Studio Solution File, Format Version 12.00
# Visual Studio Version 17
VisualStudioVersion = 17.14.36511.14
MinimumVisualStudioVersion = 10.0.40219.1
Project("{FAE04EC0-301F-11D3-BF4B-00C04F79EFBC}") = "KayitForm_db", "KayitForm_db\KayitForm_db.csproj", "{BBBE345D-75DB-4608-BE69-94817CA10109}"
EndProject
Project("{FAE04EC0-301F-11D3-BF4B-00C04F79EFBC}") = "VeriErisimKatmani", "VeriErisimKatmani\VeriErisimKatmani.csproj", "{201350B9-A078-411A-9980-14362B18A375}"
EndProject
Global
	GlobalSection(SolutionConfigurationPlatforms) = preSolution
		Debug|Any CPU = Debug|Any CPU
		Release|Any CPU = Release|Any CPU
	EndGlobalSection
	GlobalSection(ProjectConfigurationPlatforms) = postSolution
		{BBBE345D-75DB-4608-BE69-94817CA10109}.Debug|Any CPU.ActiveCfg = Debug|Any CPU
		{BBBE345D-75DB-4608-BE69-94817CA10109}.Debug|Any CPU.Build.0 = Debug|Any CPU
		{BBBE345D-75DB-4608-BE69-94817CA10109}.Release|Any CPU.ActiveCfg = Release|Any CPU
		{BBBE345D-75DB-4608-BE69-94817CA10109}.Release|Any CPU.Build.0 = Release|Any CPU
		{201350B9-A078-411A-9980-14362B18A375}.Debug|Any CPU.ActiveCfg = Debug|Any CPU
		{201350B9-A078-411A-9980-14362B18A375}.Debug|Any CPU.Build.0 = Debug|Any CPU
		{201350B9-A078-411A-9980-14362B18A375}.Release|Any CPU.ActiveCfg = Release|Any CPU
		{201350B9-A078-411A-9980-14362B18A375}.Release|Any CPU.Build.0 = Release|Any CPU
	EndGlobalSection
	GlobalSection(SolutionProperties) = preSolution
		HideSolutionNode = FALSE
	EndGlobalSection
	GlobalSection(ExtensibilityGlobals) = postSolution
		SolutionGuid = {DD030560-36AB-4B21-B82D-81E1F874C31A}
	EndGlobalSection
EndGlobal
